{
  "name": "cli-database-nosql",
  "version": "1.0.0",
  "lockfileVersion": 3,
  "requires": true,
  "packages": {
    "": {
      "name": "cli-database-nosql",
      "version": "1.0.0",
      "license": "ISC",
      "dependencies": {
        "cli-database-nosql": "file:"
      },
      "bin": {
        "sans": "sans.js"
      }
    },
    "node_modules/cli-database-nosql": {
      "resolved": "",
      "link": true
    }
  }
}
